// !$*UTF8*$!
{
	archiveVersion = 1;
	classes = {
	};
	objectVersion = 46;
	objects = {

/* Begin PBXBuildFile section */
		832C25061C19EF9200F1D044 /* AppDelegate.swift in Sources */ = {isa = PBXBuildFile; fileRef = 832C25051C19EF9200F1D044 /* AppDelegate.swift */; };
		832C25081C19EF9200F1D044 /* ViewController.swift in Sources */ = {isa = PBXBuildFile; fileRef = 832C25071C19EF9200F1D044 /* ViewController.swift */; };
		832C250B1C19EF9200F1D044 /* Main.storyboard in Resources */ = {isa = PBXBuildFile; fileRef = 832C25091C19EF9200F1D044 /* Main.storyboard */; };
		832C250D1C19EF9200F1D044 /* Assets.xcassets in Resources */ = {isa = PBXBuildFile; fileRef = 832C250C1C19EF9200F1D044 /* Assets.xcassets */; };
		832C25101C19EF9200F1D044 /* LaunchScreen.storyboard in Resources */ = {isa = PBXBuildFile; fileRef = 832C250E1C19EF9200F1D044 /* LaunchScreen.storyboard */; };
		832C25261C1A254600F1D044 /* MrPig.scnassets in Resources */ = {isa = PBXBuildFile; fileRef = 832C25251C1A254600F1D044 /* MrPig.scnassets */; };
		832C252C1C1A25B700F1D044 /* GameHelper.swift in Sources */ = {isa = PBXBuildFile; fileRef = 832C25291C1A25B700F1D044 /* GameHelper.swift */; };
		832C252D1C1A25B700F1D044 /* GameUtils.swift in Sources */ = {isa = PBXBuildFile; fileRef = 832C252A1C1A25B700F1D044 /* GameUtils.swift */; };
		832C252E1C1A25B700F1D044 /* SCNAction+Extensions.swift in Sources */ = {isa = PBXBuildFile; fileRef = 832C252B1C1A25B700F1D044 /* SCNAction+Extensions.swift */; };
/* End PBXBuildFile section */

/* Begin PBXFileReference section */
		832C25021C19EF9200F1D044 /* Mr.Pig.app */ = {isa = PBXFileReference; explicitFileType = wrapper.application; includeInIndex = 0; path = Mr.Pig.app; sourceTree = BUILT_PRODUCTS_DIR; };
		832C25051C19EF9200F1D044 /* AppDelegate.swift */ = {isa = PBXFileReference; lastKnownFileType = sourcecode.swift; path = AppDelegate.swift; sourceTree = "<group>"; };
		832C25071C19EF9200F1D044 /* ViewController.swift */ = {isa = PBXFileReference; lastKnownFileType = sourcecode.swift; path = ViewController.swift; sourceTree = "<group>"; };
		832C250A1C19EF9200F1D044 /* Base */ = {isa = PBXFileReference; lastKnownFileType = file.storyboard; name = Base; path = Base.lproj/Main.storyboard; sourceTree = "<group>"; };
		832C250C1C19EF9200F1D044 /* Assets.xcassets */ = {isa = PBXFileReference; lastKnownFileType = folder.assetcatalog; path = Assets.xcassets; sourceTree = "<group>"; };
		832C250F1C19EF9200F1D044 /* Base */ = {isa = PBXFileReference; lastKnownFileType = file.storyboard; name = Base; path = Base.lproj/LaunchScreen.storyboard; sourceTree = "<group>"; };
		832C25111C19EF9200F1D044 /* Info.plist */ = {isa = PBXFileReference; lastKnownFileType = text.plist.xml; path = Info.plist; sourceTree = "<group>"; };
		832C25251C1A254600F1D044 /* MrPig.scnassets */ = {isa = PBXFileReference; lastKnownFileType = wrapper.scnassets; path = MrPig.scnassets; sourceTree = "<group>"; };
		832C25291C1A25B700F1D044 /* GameHelper.swift */ = {isa = PBXFileReference; fileEncoding = 4; lastKnownFileType = sourcecode.swift; path = GameHelper.swift; sourceTree = "<group>"; };
		832C252A1C1A25B700F1D044 /* GameUtils.swift */ = {isa = PBXFileReference; fileEncoding = 4; lastKnownFileType = sourcecode.swift; path = GameUtils.swift; sourceTree = "<group>"; };
		832C252B1C1A25B700F1D044 /* SCNAction+Extensions.swift */ = {isa = PBXFileReference; fileEncoding = 4; lastKnownFileType = sourcecode.swift; path = "SCNAction+Extensions.swift"; sourceTree = "<group>"; };
/* End PBXFileReference section */

/* Begin PBXFrameworksBuildPhase section */
		832C24FF1C19EF9200F1D044 /* Frameworks */ = {
			isa = PBXFrameworksBuildPhase;
			buildActionMask = 2147483647;
			files = (
			);
			runOnlyForDeploymentPostprocessing = 0;
		};
/* End PBXFrameworksBuildPhase section */

/* Begin PBXGroup section */
		832C24F91C19EF9200F1D044 = {
			isa = PBXGroup;
			children = (
				832C25041C19EF9200F1D044 /* Mr.Pig */,
				832C25031C19EF9200F1D044 /* Products */,
			);
			sourceTree = "<group>";
		};
		832C25031C19EF9200F1D044 /* Products */ = {
			isa = PBXGroup;
			children = (
				832C25021C19EF9200F1D044 /* Mr.Pig.app */,
			);
			name = Products;
			sourceTree = "<group>";
		};
		832C25041C19EF9200F1D044 /* Mr.Pig */ = {
			isa = PBXGroup;
			children = (
				832C25281C1A25B700F1D044 /* GameUtils */,
				832C25251C1A254600F1D044 /* MrPig.scnassets */,
				832C25051C19EF9200F1D044 /* AppDelegate.swift */,
				832C25071C19EF9200F1D044 /* ViewController.swift */,
				832C25091C19EF9200F1D044 /* Main.storyboard */,
				832C250C1C19EF9200F1D044 /* Assets.xcassets */,
				832C250E1C19EF9200F1D044 /* LaunchScreen.storyboard */,
				832C25111C19EF9200F1D044 /* Info.plist */,
			);
			path = Mr.Pig;
			sourceTree = "<group>";
		};
		832C25281C1A25B700F1D044 /* GameUtils */ = {
			isa = PBXGroup;
			children = (
				832C25291C1A25B700F1D044 /* GameHelper.swift */,
				832C252A1C1A25B700F1D044 /* GameUtils.swift */,
				832C252B1C1A25B700F1D044 /* SCNAction+Extensions.swift */,
			);
			path = GameUtils;
			sourceTree = "<group>";
		};
/* End PBXGroup section */

/* Begin PBXNativeTarget section */
		832C25011C19EF9200F1D044 /* Mr.Pig */ = {
			isa = PBXNativeTarget;
			buildConfigurationList = 832C25141C19EF9200F1D044 /* Build configuration list for PBXNativeTarget "Mr.Pig" */;
			buildPhases = (
				832C24FE1C19EF9200F1D044 /* Sources */,
				832C24FF1C19EF9200F1D044 /* Frameworks */,
				832C25001C19EF9200F1D044 /* Resources */,
			);
			buildRules = (
			);
			dependencies = (
			);
			name = Mr.Pig;
			productName = Mr.Pig;
			productReference = 832C25021C19EF9200F1D044 /* Mr.Pig.app */;
			productType = "com.apple.product-type.application";
		};
/* End PBXNativeTarget section */

/* Begin PBXProject section */
		832C24FA1C19EF9200F1D044 /* Project object */ = {
			isa = PBXProject;
			attributes = {
				LastSwiftUpdateCheck = 0720;
				LastUpgradeCheck = 0900;
				ORGANIZATIONNAME = "Razeware LLC";
				TargetAttributes = {
					832C25011C19EF9200F1D044 = {
						CreatedOnToolsVersion = 7.2;
						LastSwiftMigration = 0900;
					};
				};
			};
			buildConfigurationList = 832C24FD1C19EF9200F1D044 /* Build configuration list for PBXProject "Mr.Pig" */;
			compatibilityVersion = "Xcode 3.2";
			developmentRegion = English;
			hasScannedForEncodings = 0;
			knownRegions = (
				en,
				Base,
			);
			mainGroup = 832C24F91C19EF9200F1D044;
			productRefGroup = 832C25031C19EF9200F1D044 /* Products */;
			projectDirPath = "";
			projectRoot = "";
			targets = (
				832C25011C19EF9200F1D044 /* Mr.Pig */,
			);
		};
/* End PBXProject section */

/* Begin PBXResourcesBuildPhase section */
		832C25001C19EF9200F1D044 /* Resources */ = {
			isa = PBXResourcesBuildPhase;
			buildActionMask = 2147483647;
			files = (
				832C25101C19EF9200F1D044 /* LaunchScreen.storyboard in Resources */,
				832C250D1C19EF9200F1D044 /* Assets.xcassets in Resources */,
				832C250B1C19EF9200F1D044 /* Main.storyboard in Resources */,
				832C25261C1A254600F1D044 /* MrPig.scnassets in Resources */,
			);
			runOnlyForDeploymentPostprocessing = 0;
		};
/* End PBXResourcesBuildPhase section */

/* Begin PBXSourcesBuildPhase section */
		832C24FE1C19EF9200F1D044 /* Sources */ = {
			isa = PBXSourcesBuildPhase;
			buildActionMask = 2147483647;
			files = (
				832C25081C19EF9200F1D044 /* ViewController.swift in Sources */,
				832C252E1C1A25B700F1D044 /* SCNAction+Extensions.swift in Sources */,
				832C252D1C1A25B700F1D044 /* GameUtils.swift in Sources */,
				832C25061C19EF9200F1D044 /* AppDelegate.swift in Sources */,
				832C252C1C1A25B700F1D044 /* GameHelper.swift in Sources */,
			);
			runOnlyForDeploymentPostprocessing = 0;
		};
/* End PBXSourcesBuildPhase section */

/* Begin PBXVariantGroup section */
		832C25091C19EF9200F1D044 /* Main.storyboard */ = {
			isa = PBXVariantGroup;
			children = (
				832C250A1C19EF9200F1D044 /* Base */,
			);
			name = Main.storyboard;
			sourceTree = "<group>";
		};
		832C250E1C19EF9200F1D044 /* LaunchScreen.storyboard */ = {
			isa = PBXVariantGroup;
			children = (
				832C250F1C19EF9200F1D044 /* Base */,
			);
			name = LaunchScreen.storyboard;
			sourceTree = "<group>";
		};
/* End PBXVariantGroup section */

/* Begin XCBuildConfiguration section */
		832C25121C19EF9200F1D044 /* Debug */ = {
			isa = XCBuildConfiguration;
			buildSettings = {
				ALWAYS_SEARCH_USER_PATHS = NO;
				CLANG_CXX_LANGUAGE_STANDARD = "gnu++0x";
				CLANG_CXX_LIBRARY = "libc++";
				CLANG_ENABLE_MODULES = YES;
				CLANG_ENABLE_OBJC_ARC = YES;
				CLANG_WARN_BLOCK_CAPTURE_AUTORELEASING = YES;
				CLANG_WARN_BOOL_CONVERSION = YES;
				CLANG_WARN_COMMA = YES;
				CLANG_WARN_CONSTANT_CONVERSION = YES;
				CLANG_WARN_DIRECT_OBJC_ISA_USAGE = YES_ERROR;
				CLANG_WARN_EMPTY_BODY = YES;
				CLANG_WARN_ENUM_CONVERSION = YES;
				CLANG_WARN_INFINITE_RECURSION = YES;
				CLANG_WARN_INT_CONVERSION = YES;
				CLANG_WARN_NON_LITERAL_NULL_CONVERSION = YES;
				CLANG_WARN_OBJC_LITERAL_CONVERSION = YES;
				CLANG_WARN_OBJC_ROOT_CLASS = YES_ERROR;
				CLANG_WARN_RANGE_LOOP_ANALYSIS = YES;
				CLANG_WARN_STRICT_PROTOTYPES = YES;
				CLANG_WARN_SUSPICIOUS_MOVE = YES;
				CLANG_WARN_UNREACHABLE_CODE = YES;
				CLANG_WARN__DUPLICATE_METHOD_MATCH = YES;
				"CODE_SIGN_IDENTITY[sdk=iphoneos*]" = "iPhone Developer";
				COPY_PHASE_STRIP = NO;
				DEBUG_INFORMATION_FORMAT = dwarf;
				ENABLE_STRICT_OBJC_MSGSEND = YES;
				ENABLE_TESTABILITY = YES;
				GCC_C_LANGUAGE_STANDARD = gnu99;
				GCC_DYNAMIC_NO_PIC = NO;
				GCC_NO_COMMON_BLOCKS = YES;
				GCC_OPTIMIZATION_LEVEL = 0;
				GCC_PREPROCESSOR_DEFINITIONS = (
					"DEBUG=1",
					"$(inherited)",
				);
				GCC_WARN_64_TO_32_BIT_CONVERSION = YES;
				GCC_WARN_ABOUT_RETURN_TYPE = YES_ERROR;
				GCC_WARN_UNDECLARED_SELECTOR = YES;
				GCC_WARN_UNINITIALIZED_AUTOS = YES_AGGRESSIVE;
				GCC_WARN_UNUSED_FUNCTION = YES;
				GCC_WARN_UNUSED_VARIABLE = YES;
				IPHONEOS_DEPLOYMENT_TARGET = 11.0;
				MTL_ENABLE_DEBUG_INFO = YES;
				ONLY_ACTIVE_ARCH = YES;
				SDKROOT = iphoneos;
				SWIFT_OPTIMIZATION_LEVEL = "-Onone";
				TARGETED_DEVICE_FAMILY = "1,2";
			};
			name = Debug;
		};
		832C25131C19EF9200F1D044 /* Release */ = {
			isa = XCBuildConfiguration;
			buildSettings = {
				ALWAYS_SEARCH_USER_PATHS = NO;
				CLANG_CXX_LANGUAGE_STANDARD = "gnu++0x";
				CLANG_CXX_LIBRARY = "libc++";
				CLANG_ENABLE_MODULES = YES;
				CLANG_ENABLE_OBJC_ARC = YES;
				CLANG_WARN_BLOCK_CAPTURE_AUTORELEASING = YES;
				CLANG_WARN_BOOL_CONVERSION = YES;
				CLANG_WARN_COMMA = YES;
				CLANG_WARN_CONSTANT_CONVERSION = YES;
				CLANG_WARN_DIRECT_OBJC_ISA_USAGE = YES_ERROR;
				CLANG_WARN_EMPTY_BODY = YES;
				CLANG_WARN_ENUM_CONVERSION = YES;
				CLANG_WARN_INFINITE_RECURSION = YES;
				CLANG_WARN_INT_CONVERSION = YES;
				CLANG_WARN_NON_LITERAL_NULL_CONVERSION = YES;
				CLANG_WARN_OBJC_LITERAL_CONVERSION = YES;
				CLANG_WARN_OBJC_ROOT_CLASS = YES_ERROR;
				CLANG_WARN_RANGE_LOOP_ANALYSIS = YES;
				CLANG_WARN_STRICT_PROTOTYPES = YES;
				CLANG_WARN_SUSPICIOUS_MOVE = YES;
				CLANG_WARN_UNREACHABLE_CODE = YES;
				CLANG_WARN__DUPLICATE_METHOD_MATCH = YES;
				"CODE_SIGN_IDENTITY[sdk=iphoneos*]" = "iPhone Developer";
				COPY_PHASE_STRIP = NO;
				DEBUG_INFORMATION_FORMAT = "dwarf-with-dsym";
				ENABLE_NS_ASSERTIONS = NO;
				ENABLE_STRICT_OBJC_MSGSEND = YES;
				GCC_C_LANGUAGE_STANDARD = gnu99;
				GCC_NO_COMMON_BLOCKS = YES;
				GCC_WARN_64_TO_32_BIT_CONVERSION = YES;
				GCC_WARN_ABOUT_RETURN_TYPE = YES_ERROR;
				GCC_WARN_UNDECLARED_SELECTOR = YES;
				GCC_WARN_UNINITIALIZED_AUTOS = YES_AGGRESSIVE;
				GCC_WARN_UNUSED_FUNCTION = YES;
				GCC_WARN_UNUSED_VARIABLE = YES;
				IPHONEOS_DEPLOYMENT_TARGET = 11.0;
				MTL_ENABLE_DEBUG_INFO = NO;
				SDKROOT = iphoneos;
				TARGETED_DEVICE_FAMILY = "1,2";
				VALIDATE_PRODUCT = YES;
			};
			name = Release;
		};
		832C25151C19EF9200F1D044 /* Debug */ = {
			isa = XCBuildConfiguration;
			buildSettings = {
				ASSETCATALOG_COMPILER_APPICON_NAME = AppIcon;
				INFOPLIST_FILE = Mr.Pig/Info.plist;
				IPHONEOS_DEPLOYMENT_TARGET = 11.0;
				LD_RUNPATH_SEARCH_PATHS = "$(inherited) @executable_path/Frameworks";
				PRODUCT_BUNDLE_IDENTIFIER = "com.razeware.Mr-Pig";
				PRODUCT_NAME = "$(TARGET_NAME)";
				SWIFT_SWIFT3_OBJC_INFERENCE = Off;
				SWIFT_VERSION = 4.0;
			};
			name = Debug;
		};
		832C25161C19EF9200F1D044 /* Release */ = {
			isa = XCBuildConfiguration;
			buildSettings = {
				ASSETCATALOG_COMPILER_APPICON_NAME = AppIcon;
				INFOPLIST_FILE = Mr.Pig/Info.plist;
				IPHONEOS_DEPLOYMENT_TARGET = 11.0;
				LD_RUNPATH_SEARCH_PATHS = "$(inherited) @executable_path/Frameworks";
				PRODUCT_BUNDLE_IDENTIFIER = "com.razeware.Mr-Pig";
				PRODUCT_NAME = "$(TARGET_NAME)";
				SWIFT_OPTIMIZATION_LEVEL = "-Owholemodule";
				SWIFT_SWIFT3_OBJC_INFERENCE = Off;
				SWIFT_VERSION = 4.0;
			};
			name = Release;
		};
/* End XCBuildConfiguration section */

/* Begin XCConfigurationList section */
		832C24FD1C19EF9200F1D044 /* Build configuration list for PBXProject "Mr.Pig" */ = {
			isa = XCConfigurationList;
			buildConfigurations = (
				832C25121C19EF9200F1D044 /* Debug */,
				832C25131C19EF9200F1D044 /* Release */,
			);
			defaultConfigurationIsVisible = 0;
			defaultConfigurationName = Release;
		};
		832C25141C19EF9200F1D044 /* Build configuration list for PBXNativeTarget "Mr.Pig" */ = {
			isa = XCConfigurationList;
			buildConfigurations = (
				832C25151C19EF9200F1D044 /* Debug */,
				832C25161C19EF9200F1D044 /* Release */,
			);
			defaultConfigurationIsVisible = 0;
			defaultConfigurationName = Release;
		};
/* End XCConfigurationList section */
	};
	rootObject = 832C24FA1C19EF9200F1D044 /* Project object */;
}
